// !$*UTF8*$!
{
	archiveVersion = 1;
	classes = {
	};
	objectVersion = 50;
	objects = {

/* Begin PBXBuildFile section */
		F441B1E125B752760066126F /* AppDelegate.swift in Sources */ = {isa = PBXBuildFile; fileRef = F441B1E025B752760066126F /* AppDelegate.swift */; };
		F441B1E325B752760066126F /* SceneDelegate.swift in Sources */ = {isa = PBXBuildFile; fileRef = F441B1E225B752760066126F /* SceneDelegate.swift */; };
		F441B1E525B752760066126F /* ViewController.swift in Sources */ = {isa = PBXBuildFile; fileRef = F441B1E425B752760066126F /* ViewController.swift */; };
		F441B1E825B752760066126F /* Main.storyboard in Resources */ = {isa = PBXBuildFile; fileRef = F441B1E625B752760066126F /* Main.storyboard */; };
		F441B1EA25B752790066126F /* Assets.xcassets in Resources */ = {isa = PBXBuildFile; fileRef = F441B1E925B752790066126F /* Assets.xcassets */; };
		F441B1ED25B752790066126F /* LaunchScreen.storyboard in Resources */ = {isa = PBXBuildFile; fileRef = F441B1EB25B752790066126F /* LaunchScreen.storyboard */; };
		F441B1F625B7667C0066126F /* Recipe.swift in Sources */ = {isa = PBXBuildFile; fileRef = F441B1F525B7667C0066126F /* Recipe.swift */; };
		F441B1F925B76F450066126F /* RecipeDetailViewController.swift in Sources */ = {isa = PBXBuildFile; fileRef = F441B1F825B76F450066126F /* RecipeDetailViewController.swift */; };
/* End PBXBuildFile section */

/* Begin PBXFileReference section */
		F441B1DD25B752760066126F /* CookIt.app */ = {isa = PBXFileReference; explicitFileType = wrapper.application; includeInIndex = 0; path = CookIt.app; sourceTree = BUILT_PRODUCTS_DIR; };
		F441B1E025B752760066126F /* AppDelegate.swift */ = {isa = PBXFileReference; lastKnownFileType = sourcecode.swift; path = AppDelegate.swift; sourceTree = "<group>"; };
		F441B1E225B752760066126F /* SceneDelegate.swift */ = {isa = PBXFileReference; lastKnownFileType = sourcecode.swift; path = SceneDelegate.swift; sourceTree = "<group>"; };
		F441B1E425B752760066126F /* ViewController.swift */ = {isa = PBXFileReference; lastKnownFileType = sourcecode.swift; path = ViewController.swift; sourceTree = "<group>"; };
		F441B1E725B752760066126F /* Base */ = {isa = PBXFileReference; lastKnownFileType = file.storyboard; name = Base; path = Base.lproj/Main.storyboard; sourceTree = "<group>"; };
		F441B1E925B752790066126F /* Assets.xcassets */ = {isa = PBXFileReference; lastKnownFileType = folder.assetcatalog; path = Assets.xcassets; sourceTree = "<group>"; };
		F441B1EC25B752790066126F /* Base */ = {isa = PBXFileReference; lastKnownFileType = file.storyboard; name = Base; path = Base.lproj/LaunchScreen.storyboard; sourceTree = "<group>"; };
		F441B1EE25B752790066126F /* Info.plist */ = {isa = PBXFileReference; lastKnownFileType = text.plist.xml; path = Info.plist; sourceTree = "<group>"; };
		F441B1F525B7667C0066126F /* Recipe.swift */ = {isa = PBXFileReference; lastKnownFileType = sourcecode.swift; path = Recipe.swift; sourceTree = "<group>"; };
		F441B1F825B76F450066126F /* RecipeDetailViewController.swift */ = {isa = PBXFileReference; lastKnownFileType = sourcecode.swift; path = RecipeDetailViewController.swift; sourceTree = "<group>"; };
/* End PBXFileReference section */

/* Begin PBXFrameworksBuildPhase section */
		F441B1DA25B752760066126F /* Frameworks */ = {
			isa = PBXFrameworksBuildPhase;
			buildActionMask = 2147483647;
			files = (
			);
			runOnlyForDeploymentPostprocessing = 0;
		};
/* End PBXFrameworksBuildPhase section */

/* Begin PBXGroup section */
		F441B1D425B752760066126F = {
			isa = PBXGroup;
			children = (
				F441B1DF25B752760066126F /* CookIt */,
				F441B1DE25B752760066126F /* Products */,
			);
			sourceTree = "<group>";
		};
		F441B1DE25B752760066126F /* Products */ = {
			isa = PBXGroup;
			children = (
				F441B1DD25B752760066126F /* CookIt.app */,
			);
			name = Products;
			sourceTree = "<group>";
		};
		F441B1DF25B752760066126F /* CookIt */ = {
			isa = PBXGroup;
			children = (
				F441B1E025B752760066126F /* AppDelegate.swift */,
				F441B1E225B752760066126F /* SceneDelegate.swift */,
				F441B1E425B752760066126F /* ViewController.swift */,
				F441B1E625B752760066126F /* Main.storyboard */,
				F441B1E925B752790066126F /* Assets.xcassets */,
				F441B1EB25B752790066126F /* LaunchScreen.storyboard */,
				F441B1EE25B752790066126F /* Info.plist */,
				F441B1F525B7667C0066126F /* Recipe.swift */,
				F441B1F825B76F450066126F /* RecipeDetailViewController.swift */,
			);
			path = CookIt;
			sourceTree = "<group>";
		};
/* End PBXGroup section */

/* Begin PBXNativeTarget section */
		F441B1DC25B752760066126F /* CookIt */ = {
			isa = PBXNativeTarget;
			buildConfigurationList = F441B1F125B752790066126F /* Build configuration list for PBXNativeTarget "CookIt" */;
			buildPhases = (
				F441B1D925B752760066126F /* Sources */,
				F441B1DA25B752760066126F /* Frameworks */,
				F441B1DB25B752760066126F /* Resources */,
			);
			buildRules = (
			);
			dependencies = (
			);
			name = CookIt;
			productName = CookIt;
			productReference = F441B1DD25B752760066126F /* CookIt.app */;
			productType = "com.apple.product-type.application";
		};
/* End PBXNativeTarget section */

/* Begin PBXProject section */
		F441B1D525B752760066126F /* Project object */ = {
			isa = PBXProject;
			attributes = {
				LastSwiftUpdateCheck = 1230;
				LastUpgradeCheck = 1230;
				TargetAttributes = {
					F441B1DC25B752760066126F = {
						CreatedOnToolsVersion = 12.3;
					};
				};
			};
			buildConfigurationList = F441B1D825B752760066126F /* Build configuration list for PBXProject "CookIt" */;
			compatibilityVersion = "Xcode 9.3";
			developmentRegion = en;
			hasScannedForEncodings = 0;
			knownRegions = (
				en,
				Base,
			);
			mainGroup = F441B1D425B752760066126F;
			productRefGroup = F441B1DE25B752760066126F /* Products */;
			projectDirPath = "";
			projectRoot = "";
			targets = (
				F441B1DC25B752760066126F /* CookIt */,
			);
		};
/* End PBXProject section */

/* Begin PBXResourcesBuildPhase section */
		F441B1DB25B752760066126F /* Resources */ = {
			isa = PBXResourcesBuildPhase;
			buildActionMask = 2147483647;
			files = (
				F441B1ED25B752790066126F /* LaunchScreen.storyboard in Resources */,
				F441B1EA25B752790066126F /* Assets.xcassets in Resources */,
				F441B1E825B752760066126F /* Main.storyboard in Resources */,
			);
			runOnlyForDeploymentPostprocessing = 0;
		};
/* End PBXResourcesBuildPhase section */

/* Begin PBXSourcesBuildPhase section */
		F441B1D925B752760066126F /* Sources */ = {
			isa = PBXSourcesBuildPhase;
			buildActionMask = 2147483647;
			files = (
				F441B1E525B752760066126F /* ViewController.swift in Sources */,
				F441B1E125B752760066126F /* AppDelegate.swift in Sources */,
				F441B1E325B752760066126F /* SceneDelegate.swift in Sources */,
				F441B1F925B76F450066126F /* RecipeDetailViewController.swift in Sources */,
				F441B1F625B7667C0066126F /* Recipe.swift in Sources */,
			);
			runOnlyForDeploymentPostprocessing = 0;
		};
/* End PBXSourcesBuildPhase section */

/* Begin PBXVariantGroup section */
		F441B1E625B752760066126F /* Main.storyboard */ = {
			isa = PBXVariantGroup;
			children = (
				F441B1E725B752760066126F /* Base */,
			);
			name = Main.storyboard;
			sourceTree = "<group>";
		};
		F441B1EB25B752790066126F /* LaunchScreen.storyboard */ = {
			isa = PBXVariantGroup;
			children = (
				F441B1EC25B752790066126F /* Base */,
			);
			name = LaunchScreen.storyboard;
			sourceTree = "<group>";
		};
/* End PBXVariantGroup section */

/* Begin XCBuildConfiguration section */
		F441B1EF25B752790066126F /* Debug */ = {
			isa = XCBuildConfiguration;
			buildSettings = {
				ALWAYS_SEARCH_USER_PATHS = NO;
				CLANG_ANALYZER_NONNULL = YES;
				CLANG_ANALYZER_NUMBER_OBJECT_CONVERSION = YES_AGGRESSIVE;
				CLANG_CXX_LANGUAGE_STANDARD = "gnu++14";
				CLANG_CXX_LIBRARY = "libc++";
				CLANG_ENABLE_MODULES = YES;
				CLANG_ENABLE_OBJC_ARC = YES;
				CLANG_ENABLE_OBJC_WEAK = YES;
				CLANG_WARN_BLOCK_CAPTURE_AUTORELEASING = YES;
				CLANG_WARN_BOOL_CONVERSION = YES;
				CLANG_WARN_COMMA = YES;
				CLANG_WARN_CONSTANT_CONVERSION = YES;
				CLANG_WARN_DEPRECATED_OBJC_IMPLEMENTATIONS = YES;
				CLANG_WARN_DIRECT_OBJC_ISA_USAGE = YES_ERROR;
				CLANG_WARN_DOCUMENTATION_COMMENTS = YES;
				CLANG_WARN_EMPTY_BODY = YES;
				CLANG_WARN_ENUM_CONVERSION = YES;
				CLANG_WARN_INFINITE_RECURSION = YES;
				CLANG_WARN_INT_CONVERSION = YES;
				CLANG_WARN_NON_LITERAL_NULL_CONVERSION = YES;
				CLANG_WARN_OBJC_IMPLICIT_RETAIN_SELF = YES;
				CLANG_WARN_OBJC_LITERAL_CONVERSION = YES;
				CLANG_WARN_OBJC_ROOT_CLASS = YES_ERROR;
				CLANG_WARN_QUOTED_INCLUDE_IN_FRAMEWORK_HEADER = YES;
				CLANG_WARN_RANGE_LOOP_ANALYSIS = YES;
				CLANG_WARN_STRICT_PROTOTYPES = YES;
				CLANG_WARN_SUSPICIOUS_MOVE = YES;
				CLANG_WARN_UNGUARDED_AVAILABILITY = YES_AGGRESSIVE;
				CLANG_WARN_UNREACHABLE_CODE = YES;
				CLANG_WARN__DUPLICATE_METHOD_MATCH = YES;
				COPY_PHASE_STRIP = NO;
				DEBUG_INFORMATION_FORMAT = dwarf;
				ENABLE_STRICT_OBJC_MSGSEND = YES;
				ENABLE_TESTABILITY = YES;
				GCC_C_LANGUAGE_STANDARD = gnu11;
				GCC_DYNAMIC_NO_PIC = NO;
				GCC_NO_COMMON_BLOCKS = YES;
				GCC_OPTIMIZATION_LEVEL = 0;
				GCC_PREPROCESSOR_DEFINITIONS = (
					"DEBUG=1",
					"$(inherited)",
				);
				GCC_WARN_64_TO_32_BIT_CONVERSION = YES;
				GCC_WARN_ABOUT_RETURN_TYPE = YES_ERROR;
				GCC_WARN_UNDECLARED_SELECTOR = YES;
				GCC_WARN_UNINITIALIZED_AUTOS = YES_AGGRESSIVE;
				GCC_WARN_UNUSED_FUNCTION = YES;
				GCC_WARN_UNUSED_VARIABLE = YES;
				IPHONEOS_DEPLOYMENT_TARGET = 14.3;
				MTL_ENABLE_DEBUG_INFO = INCLUDE_SOURCE;
				MTL_FAST_MATH = YES;
				ONLY_ACTIVE_ARCH = YES;
				SDKROOT = iphoneos;
				SWIFT_ACTIVE_COMPILATION_CONDITIONS = DEBUG;
				SWIFT_OPTIMIZATION_LEVEL = "-Onone";
			};
			name = Debug;
		};
		F441B1F025B752790066126F /* Release */ = {
			isa = XCBuildConfiguration;
			buildSettings = {
				ALWAYS_SEARCH_USER_PATHS = NO;
				CLANG_ANALYZER_NONNULL = YES;
				CLANG_ANALYZER_NUMBER_OBJECT_CONVERSION = YES_AGGRESSIVE;
				CLANG_CXX_LANGUAGE_STANDARD = "gnu++14";
				CLANG_CXX_LIBRARY = "libc++";
				CLANG_ENABLE_MODULES = YES;
				CLANG_ENABLE_OBJC_ARC = YES;
				CLANG_ENABLE_OBJC_WEAK = YES;
				CLANG_WARN_BLOCK_CAPTURE_AUTORELEASING = YES;
				CLANG_WARN_BOOL_CONVERSION = YES;
				CLANG_WARN_COMMA = YES;
				CLANG_WARN_CONSTANT_CONVERSION = YES;
				CLANG_WARN_DEPRECATED_OBJC_IMPLEMENTATIONS = YES;
				CLANG_WARN_DIRECT_OBJC_ISA_USAGE = YES_ERROR;
				CLANG_WARN_DOCUMENTATION_COMMENTS = YES;
				CLANG_WARN_EMPTY_BODY = YES;
				CLANG_WARN_ENUM_CONVERSION = YES;
				CLANG_WARN_INFINITE_RECURSION = YES;
				CLANG_WARN_INT_CONVERSION = YES;
				CLANG_WARN_NON_LITERAL_NULL_CONVERSION = YES;
				CLANG_WARN_OBJC_IMPLICIT_RETAIN_SELF = YES;
				CLANG_WARN_OBJC_LITERAL_CONVERSION = YES;
				CLANG_WARN_OBJC_ROOT_CLASS = YES_ERROR;
				CLANG_WARN_QUOTED_INCLUDE_IN_FRAMEWORK_HEADER = YES;
				CLANG_WARN_RANGE_LOOP_ANALYSIS = YES;
				CLANG_WARN_STRICT_PROTOTYPES = YES;
				CLANG_WARN_SUSPICIOUS_MOVE = YES;
				CLANG_WARN_UNGUARDED_AVAILABILITY = YES_AGGRESSIVE;
				CLANG_WARN_UNREACHABLE_CODE = YES;
				CLANG_WARN__DUPLICATE_METHOD_MATCH = YES;
				COPY_PHASE_STRIP = NO;
				DEBUG_INFORMATION_FORMAT = "dwarf-with-dsym";
				ENABLE_NS_ASSERTIONS = NO;
				ENABLE_STRICT_OBJC_MSGSEND = YES;
				GCC_C_LANGUAGE_STANDARD = gnu11;
				GCC_NO_COMMON_BLOCKS = YES;
				GCC_WARN_64_TO_32_BIT_CONVERSION = YES;
				GCC_WARN_ABOUT_RETURN_TYPE = YES_ERROR;
				GCC_WARN_UNDECLARED_SELECTOR = YES;
				GCC_WARN_UNINITIALIZED_AUTOS = YES_AGGRESSIVE;
				GCC_WARN_UNUSED_FUNCTION = YES;
				GCC_WARN_UNUSED_VARIABLE = YES;
				IPHONEOS_DEPLOYMENT_TARGET = 14.3;
				MTL_ENABLE_DEBUG_INFO = NO;
				MTL_FAST_MATH = YES;
				SDKROOT = iphoneos;
				SWIFT_COMPILATION_MODE = wholemodule;
				SWIFT_OPTIMIZATION_LEVEL = "-O";
				VALIDATE_PRODUCT = YES;
			};
			name = Release;
		};
		F441B1F225B752790066126F /* Debug */ = {
			isa = XCBuildConfiguration;
			buildSettings = {
				ASSETCATALOG_COMPILER_APPICON_NAME = AppIcon;
				ASSETCATALOG_COMPILER_GLOBAL_ACCENT_COLOR_NAME = AccentColor;
				CODE_SIGN_STYLE = Automatic;
				INFOPLIST_FILE = CookIt/Info.plist;
				LD_RUNPATH_SEARCH_PATHS = (
					"$(inherited)",
					"@executable_path/Frameworks",
				);
				PRODUCT_BUNDLE_IDENTIFIER = com.rachelwong.CookIt;
				PRODUCT_NAME = "$(TARGET_NAME)";
				SWIFT_VERSION = 5.0;
				TARGETED_DEVICE_FAMILY = "1,2";
			};
			name = Debug;
		};
		F441B1F325B752790066126F /* Release */ = {
			isa = XCBuildConfiguration;
			buildSettings = {
				ASSETCATALOG_COMPILER_APPICON_NAME = AppIcon;
				ASSETCATALOG_COMPILER_GLOBAL_ACCENT_COLOR_NAME = AccentColor;
				CODE_SIGN_STYLE = Automatic;
				INFOPLIST_FILE = CookIt/Info.plist;
				LD_RUNPATH_SEARCH_PATHS = (
					"$(inherited)",
					"@executable_path/Frameworks",
				);
				PRODUCT_BUNDLE_IDENTIFIER = com.rachelwong.CookIt;
				PRODUCT_NAME = "$(TARGET_NAME)";
				SWIFT_VERSION = 5.0;
				TARGETED_DEVICE_FAMILY = "1,2";
			};
			name = Release;
		};
/* End XCBuildConfiguration section */

/* Begin XCConfigurationList section */
		F441B1D825B752760066126F /* Build configuration list for PBXProject "CookIt" */ = {
			isa = XCConfigurationList;
			buildConfigurations = (
				F441B1EF25B752790066126F /* Debug */,
				F441B1F025B752790066126F /* Release */,
			);
			defaultConfigurationIsVisible = 0;
			defaultConfigurationName = Release;
		};
		F441B1F125B752790066126F /* Build configuration list for PBXNativeTarget "CookIt" */ = {
			isa = XCConfigurationList;
			buildConfigurations = (
				F441B1F225B752790066126F /* Debug */,
				F441B1F325B752790066126F /* Release */,
			);
			defaultConfigurationIsVisible = 0;
			defaultConfigurationName = Release;
		};
/* End XCConfigurationList section */
	};
	rootObject = F441B1D525B752760066126F /* Project object */;
}
